
Microsoft Visual Studio Solution File, Format Version 12.00
# Visual Studio Version 16
VisualStudioVersion = 16.0.31424.327
MinimumVisualStudioVersion = 10.0.40219.1
Project("{9A19103F-16F7-4668-BE54-9A1E7A4F7556}") = "TimeRegisterApp", "TimeRegisterApp.csproj", "{95522434-9C3E-41B8-8864-767730D24223}"
EndProject
Project("{FAE04EC0-301F-11D3-BF4B-00C04F79EFBC}") = "TimeRegister.Tests", "..\TimeRegister.Tests\TimeRegister.Tests.csproj", "{4566E17A-CA3C-44DE-A748-4DC6E4A0FC34}"
EndProject
Global
	GlobalSection(SolutionConfigurationPlatforms) = preSolution
		Debug|Any CPU = Debug|Any CPU
		Release|Any CPU = Release|Any CPU
	EndGlobalSection
	GlobalSection(ProjectConfigurationPlatforms) = postSolution
		{95522434-9C3E-41B8-8864-767730D24223}.Debug|Any CPU.ActiveCfg = Debug|Any CPU
		{95522434-9C3E-41B8-8864-767730D24223}.Debug|Any CPU.Build.0 = Debug|Any CPU
		{95522434-9C3E-41B8-8864-767730D24223}.Release|Any CPU.ActiveCfg = Release|Any CPU
		{95522434-9C3E-41B8-8864-767730D24223}.Release|Any CPU.Build.0 = Release|Any CPU
		{4566E17A-CA3C-44DE-A748-4DC6E4A0FC34}.Debug|Any CPU.ActiveCfg = Debug|Any CPU
		{4566E17A-CA3C-44DE-A748-4DC6E4A0FC34}.Debug|Any CPU.Build.0 = Debug|Any CPU
		{4566E17A-CA3C-44DE-A748-4DC6E4A0FC34}.Release|Any CPU.ActiveCfg = Release|Any CPU
		{4566E17A-CA3C-44DE-A748-4DC6E4A0FC34}.Release|Any CPU.Build.0 = Release|Any CPU
	EndGlobalSection
	GlobalSection(SolutionProperties) = preSolution
		HideSolutionNode = FALSE
	EndGlobalSection
	GlobalSection(ExtensibilityGlobals) = postSolution
		SolutionGuid = {3D14C9D0-7CBB-44B6-843D-312AF265188A}
	EndGlobalSection
EndGlobal
